
Microsoft Visual Studio Solution File, Format Version 12.00
# Visual Studio 15
VisualStudioVersion = 15.0.28307.421
MinimumVisualStudioVersion = 10.0.40219.1
Project("{FAE04EC0-301F-11D3-BF4B-00C04F79EFBC}") = "WcfService1", "WcfService1\WcfService1.csproj", "{7ED1F4AF-8140-4FBF-9A8F-9F843EE4CAFE}"
EndProject
Project("{FAE04EC0-301F-11D3-BF4B-00C04F79EFBC}") = "WcfClient", "WcfClient\WcfClient.csproj", "{15BD5731-D7A9-438B-9F12-3B5AF10F5034}"
EndProject
Project("{FAE04EC0-301F-11D3-BF4B-00C04F79EFBC}") = "IService", "IService\IService.csproj", "{CB06D60A-C905-4629-8E7F-7461DFDCC00B}"
EndProject
Project("{FAE04EC0-301F-11D3-BF4B-00C04F79EFBC}") = "Service", "Service\Service.csproj", "{575B359B-7F2B-4EAE-B12C-759D6DF9640E}"
EndProject
Global
	GlobalSection(SolutionConfigurationPlatforms) = preSolution
		Debug|Any CPU = Debug|Any CPU
		Release|Any CPU = Release|Any CPU
	EndGlobalSection
	GlobalSection(ProjectConfigurationPlatforms) = postSolution
		{7ED1F4AF-8140-4FBF-9A8F-9F843EE4CAFE}.Debug|Any CPU.ActiveCfg = Debug|Any CPU
		{7ED1F4AF-8140-4FBF-9A8F-9F843EE4CAFE}.Debug|Any CPU.Build.0 = Debug|Any CPU
		{7ED1F4AF-8140-4FBF-9A8F-9F843EE4CAFE}.Release|Any CPU.ActiveCfg = Release|Any CPU
		{7ED1F4AF-8140-4FBF-9A8F-9F843EE4CAFE}.Release|Any CPU.Build.0 = Release|Any CPU
		{15BD5731-D7A9-438B-9F12-3B5AF10F5034}.Debug|Any CPU.ActiveCfg = Debug|Any CPU
		{15BD5731-D7A9-438B-9F12-3B5AF10F5034}.Debug|Any CPU.Build.0 = Debug|Any CPU
		{15BD5731-D7A9-438B-9F12-3B5AF10F5034}.Release|Any CPU.ActiveCfg = Release|Any CPU
		{15BD5731-D7A9-438B-9F12-3B5AF10F5034}.Release|Any CPU.Build.0 = Release|Any CPU
		{CB06D60A-C905-4629-8E7F-7461DFDCC00B}.Debug|Any CPU.ActiveCfg = Debug|Any CPU
		{CB06D60A-C905-4629-8E7F-7461DFDCC00B}.Debug|Any CPU.Build.0 = Debug|Any CPU
		{CB06D60A-C905-4629-8E7F-7461DFDCC00B}.Release|Any CPU.ActiveCfg = Release|Any CPU
		{CB06D60A-C905-4629-8E7F-7461DFDCC00B}.Release|Any CPU.Build.0 = Release|Any CPU
		{575B359B-7F2B-4EAE-B12C-759D6DF9640E}.Debug|Any CPU.ActiveCfg = Debug|Any CPU
		{575B359B-7F2B-4EAE-B12C-759D6DF9640E}.Debug|Any CPU.Build.0 = Debug|Any CPU
		{575B359B-7F2B-4EAE-B12C-759D6DF9640E}.Release|Any CPU.ActiveCfg = Release|Any CPU
		{575B359B-7F2B-4EAE-B12C-759D6DF9640E}.Release|Any CPU.Build.0 = Release|Any CPU
	EndGlobalSection
	GlobalSection(SolutionProperties) = preSolution
		HideSolutionNode = FALSE
	EndGlobalSection
	GlobalSection(ExtensibilityGlobals) = postSolution
		SolutionGuid = {F0C10B0C-878B-4A36-8706-B92142D87E65}
	EndGlobalSection
EndGlobal
